
Microsoft Visual Studio Solution File, Format Version 12.00
# Visual Studio Version 17
VisualStudioVersion = 17.3.32929.385
MinimumVisualStudioVersion = 10.0.40219.1
Project("{FAE04EC0-301F-11D3-BF4B-00C04F79EFBC}") = "Midterm", "Midterm\Midterm.csproj", "{D5A0C6C5-6461-4962-9AF6-2A0349439513}"
EndProject
Global
	GlobalSection(SolutionConfigurationPlatforms) = preSolution
		Debug|Any CPU = Debug|Any CPU
		Release|Any CPU = Release|Any CPU
	EndGlobalSection
	GlobalSection(ProjectConfigurationPlatforms) = postSolution
		{D5A0C6C5-6461-4962-9AF6-2A0349439513}.Debug|Any CPU.ActiveCfg = Debug|Any CPU
		{D5A0C6C5-6461-4962-9AF6-2A0349439513}.Debug|Any CPU.Build.0 = Debug|Any CPU
		{D5A0C6C5-6461-4962-9AF6-2A0349439513}.Release|Any CPU.ActiveCfg = Release|Any CPU
		{D5A0C6C5-6461-4962-9AF6-2A0349439513}.Release|Any CPU.Build.0 = Release|Any CPU
	EndGlobalSection
	GlobalSection(SolutionProperties) = preSolution
		HideSolutionNode = FALSE
	EndGlobalSection
	GlobalSection(ExtensibilityGlobals) = postSolution
		SolutionGuid = {D2DECF2B-AED9-450B-AFA5-F9023C3DF0DE}
	EndGlobalSection
EndGlobal
